<?xml version="1.0" encoding="utf-8"?>
<Project ToolsVersion="4.0" xmlns="http://schemas.microsoft.com/developer/msbuild/2003">
  <ItemGroup>
    <Filter Include="Исходные файлы">
      <UniqueIdentifier>{4FC737F1-C7A5-4376-A066-2A32D752A2FF}</UniqueIdentifier>
      <Extensions>cpp;c;cc;cxx;c++;def;odl;idl;hpj;bat;asm;asmx</Extensions>
    </Filter>
    <Filter Include="Файлы заголовков">
      <UniqueIdentifier>{93995380-89BD-4b04-88EB-625FBE52EBFB}</UniqueIdentifier>
      <Extensions>h;hh;hpp;hxx;h++;hm;inl;inc;ipp;xsd</Extensions>
    </Filter>
    <Filter Include="Файлы ресурсов">
      <UniqueIdentifier>{67DA6AB6-F800-4c08-8B7A-83BB121AAD01}</UniqueIdentifier>
      <Extensions>rc;ico;cur;bmp;dlg;rc2;rct;bin;rgs;gif;jpg;jpeg;jpe;resx;tiff;tif;png;wav;mfcribbon-ms</Extensions>
    </Filter>
    <Filter Include="Objects">
      <UniqueIdentifier>{f3f2bc06-85b4-4c94-a119-1e7f2da248ea}</UniqueIdentifier>
    </Filter>
    <Filter Include="Rooms">
      <UniqueIdentifier>{5b97c129-9afc-4d9e-a9f6-81cf5fed3585}</UniqueIdentifier>
    </Filter>
    <Filter Include="Browsers">
      <UniqueIdentifier>{7fb1b514-c556-4efc-93d0-f1c21aa359cf}</UniqueIdentifier>
    </Filter>
    <Filter Include="Shaders">
      <UniqueIdentifier>{a3d20e8d-edf0-4580-a9df-b45ffaca4ac9}</UniqueIdentifier>
    </Filter>
    <Filter Include="Data">
      <UniqueIdentifier>{a0f2a1be-ba64-4a71-a3c5-43c32149eaee}</UniqueIdentifier>
    </Filter>
    <Filter Include="Objects\Dynamic">
      <UniqueIdentifier>{99a919e0-d711-4e1a-93cf-04411e1fb36b}</UniqueIdentifier>
    </Filter>
    <Filter Include="Objects\Phisics">
      <UniqueIdentifier>{1a16423f-935e-4e0f-9e0c-276dc68f6d4e}</UniqueIdentifier>
    </Filter>
    <Filter Include="Core">
      <UniqueIdentifier>{57892ae8-3b2f-4aff-8fbd-76c7fda7eccf}</UniqueIdentifier>
    </Filter>
    <Filter Include="Inputs">
      <UniqueIdentifier>{fc6e1d25-d966-443a-b26a-9179deeab6f9}</UniqueIdentifier>
    </Filter>
    <Filter Include="Objects\GUI">
      <UniqueIdentifier>{90fe3f84-16ce-4c9e-8189-51858f619cde}</UniqueIdentifier>
    </Filter>
    <Filter Include="Engine">
      <UniqueIdentifier>{988ffb10-b84e-4e54-ac34-5c0112b0307f}</UniqueIdentifier>
    </Filter>
    <Filter Include="Browsers\Serialize">
      <UniqueIdentifier>{c1ce9be3-0919-4a2d-b357-4a0ae23fdfaa}</UniqueIdentifier>
    </Filter>
    <Filter Include="Helpers">
      <UniqueIdentifier>{dd8cc210-2f3f-4ed2-845e-fdf7a3473ed8}</UniqueIdentifier>
    </Filter>
    <Filter Include="GeomertyShapes">
      <UniqueIdentifier>{d586b73e-bf38-4430-8e59-264bd4bb9aba}</UniqueIdentifier>
    </Filter>
    <Filter Include="ShellObjects">
      <UniqueIdentifier>{e1e8ab31-3704-4933-9c42-69d8009c41ca}</UniqueIdentifier>
    </Filter>
    <Filter Include="Engine\Components">
      <UniqueIdentifier>{4a5c0f4f-3356-4717-8783-d3869fd2cead}</UniqueIdentifier>
    </Filter>
    <Filter Include="Rooms\Interface">
      <UniqueIdentifier>{d7937511-72e5-4c43-a17f-ba3d1bbc138f}</UniqueIdentifier>
    </Filter>
  </ItemGroup>
  <ItemGroup>
    <ClCompile Include="gl_coreCpp_4_3.cpp">
      <Filter>Исходные файлы</Filter>
    </ClCompile>
    <ClCompile Include="ModelData.cpp">
      <Filter>Objects</Filter>
    </ClCompile>
    <ClCompile Include="ObjectsTypes\ObjectData.cpp">
      <Filter>Objects</Filter>
    </ClCompile>
    <ClCompile Include="WorldCollision.cpp">
      <Filter>Engine</Filter>
    </ClCompile>
    <ClCompile Include="TransformModel.cpp">
      <Filter>Engine</Filter>
    </ClCompile>
    <ClCompile Include="CreatorModelData.cpp">
      <Filter>Engine</Filter>
    </ClCompile>
    <ClCompile Include="LoadBMP.cpp">
      <Filter>Browsers</Filter>
    </ClCompile>
    <ClCompile Include="LoaderModelObj.cpp">
      <Filter>Browsers</Filter>
    </ClCompile>
    <ClCompile Include="FileReader.cpp">
      <Filter>Browsers</Filter>
    </ClCompile>
    <ClCompile Include="Shaders.cpp">
      <Filter>Shaders</Filter>
    </ClCompile>
    <ClCompile Include="ConfigUniformArg.cpp">
      <Filter>Shaders</Filter>
    </ClCompile>
    <ClCompile Include="ConfigBuffers.cpp">
      <Filter>Shaders</Filter>
    </ClCompile>
    <ClCompile Include="CoreSettings.cpp">
      <Filter>Data</Filter>
    </ClCompile>
    <ClCompile Include="ObjectsTypes\ObjectHero.cpp">
      <Filter>Objects\Dynamic</Filter>
    </ClCompile>
    <ClCompile Include="ObjectsTypes\ObjectNPC.cpp">
      <Filter>Objects\Dynamic</Filter>
    </ClCompile>
    <ClCompile Include="ObjectsTypes\ObjectBullet.cpp">
      <Filter>Objects\Dynamic</Filter>
    </ClCompile>
    <ClCompile Include="ObjectsTypes\ObjectDynamic.cpp">
      <Filter>Objects\Dynamic</Filter>
    </ClCompile>
    <ClCompile Include="ObjectsTypes\ObjectBlock.cpp">
      <Filter>Objects\Phisics</Filter>
    </ClCompile>
    <ClCompile Include="ObjectsTypes\ObjectCursorRay.cpp">
      <Filter>Objects\Dynamic</Filter>
    </ClCompile>
    <ClCompile Include="ObjectsTypes\ObjectPhysic.cpp">
      <Filter>Objects\Phisics</Filter>
    </ClCompile>
    <ClCompile Include="ObjectsTypes\ObjectPolygon.cpp">
      <Filter>Objects\Phisics</Filter>
    </ClCompile>
    <ClCompile Include="Main.cpp">
      <Filter>Core</Filter>
    </ClCompile>
    <ClCompile Include="Controllers.cpp">
      <Filter>Inputs</Filter>
    </ClCompile>
    <ClCompile Include="ObjectsTypes\ObjectGUI.cpp">
      <Filter>Objects\GUI</Filter>
    </ClCompile>
    <ClCompile Include="Rooms\RoomMarkerPlane.cpp">
      <Filter>Rooms</Filter>
    </ClCompile>
    <ClCompile Include="Rooms\RoomSerializeScene.cpp">
      <Filter>Rooms</Filter>
    </ClCompile>
    <ClCompile Include="Serialize\SceneSerialize.cpp">
      <Filter>Browsers\Serialize</Filter>
    </ClCompile>
    <ClCompile Include="Rooms\RoomUseInterface.cpp">
      <Filter>Rooms</Filter>
    </ClCompile>
    <ClCompile Include="GeometryLib.cpp">
      <Filter>Helpers</Filter>
    </ClCompile>
    <ClCompile Include="OperationString.cpp">
      <Filter>Helpers</Filter>
    </ClCompile>
    <ClCompile Include="ObjectsTypes\ObjectCursorGUI.cpp">
      <Filter>Objects\GUI</Filter>
    </ClCompile>
    <ClCompile Include="GeomertyShapes\ShapeBase.cpp">
      <Filter>GeomertyShapes</Filter>
    </ClCompile>
    <ClCompile Include="GeomertyShapes\ShapeHexagon.cpp">
      <Filter>GeomertyShapes</Filter>
    </ClCompile>
    <ClCompile Include="GeomertyShapes\ShapeSquare.cpp">
      <Filter>GeomertyShapes</Filter>
    </ClCompile>
    <ClCompile Include="Rooms\AspectFactoryObjects.cpp">
      <Filter>Rooms</Filter>
    </ClCompile>
    <ClCompile Include="Rooms\AspectDispatcherCommands.cpp">
      <Filter>Rooms</Filter>
    </ClCompile>
    <ClCompile Include="ObjectsTypes\ObjectButton.cpp">
      <Filter>Objects\GUI</Filter>
    </ClCompile>
    <ClCompile Include="ShellObjects\BaseShell.cpp">
      <Filter>ShellObjects</Filter>
    </ClCompile>
    <ClCompile Include="SceneLayer.cpp">
      <Filter>Engine</Filter>
    </ClCompile>
    <ClCompile Include="Rooms\AspectFamilyBonds.cpp">
      <Filter>Rooms</Filter>
    </ClCompile>
    <ClCompile Include="ObjectsTypes\ObjectListBox.cpp">
      <Filter>Objects\GUI</Filter>
    </ClCompile>
    <ClCompile Include="SceneConstructor.cpp">
      <Filter>Engine</Filter>
    </ClCompile>
    <ClCompile Include="Components\RenderComponent.cpp">
      <Filter>Engine\Components</Filter>
    </ClCompile>
    <ClCompile Include="Rooms\AspectBase.cpp">
      <Filter>Rooms</Filter>
    </ClCompile>
    <ClCompile Include="Rooms\Inretface\AspectTransformControlsGUI.cpp">
      <Filter>Rooms\Interface</Filter>
    </ClCompile>
    <ClCompile Include="Rooms\Inretface\AspectCreateControlsGUI.cpp">
      <Filter>Rooms\Interface</Filter>
    </ClCompile>
    <ClCompile Include="Rooms\Inretface\AspectUseControlsGUI.cpp">
      <Filter>Rooms\Interface</Filter>
    </ClCompile>
    <ClCompile Include="Components\TextBoxComponent.cpp">
      <Filter>Engine\Components</Filter>
    </ClCompile>
  </ItemGroup>
  <ItemGroup>
    <ClInclude Include="gl_coreCpp_4_3.hpp">
      <Filter>Файлы заголовков</Filter>
    </ClInclude>
    <ClInclude Include="resource.h">
      <Filter>Файлы заголовков</Filter>
    </ClInclude>
    <ClInclude Include="ObjectsTypes\ObjectData.h">
      <Filter>Objects</Filter>
    </ClInclude>
    <ClInclude Include="ModelData.h">
      <Filter>Objects</Filter>
    </ClInclude>
    <ClInclude Include="CreatorModelData.h">
      <Filter>Engine</Filter>
    </ClInclude>
    <ClInclude Include="TransformModel.h">
      <Filter>Engine</Filter>
    </ClInclude>
    <ClInclude Include="WorldCollision.h">
      <Filter>Engine</Filter>
    </ClInclude>
    <ClInclude Include="FileReader.h">
      <Filter>Browsers</Filter>
    </ClInclude>
    <ClInclude Include="LoadBMP.h">
      <Filter>Browsers</Filter>
    </ClInclude>
    <ClInclude Include="LoaderModelObj.h">
      <Filter>Browsers</Filter>
    </ClInclude>
    <ClInclude Include="ConfigBuffers.h">
      <Filter>Shaders</Filter>
    </ClInclude>
    <ClInclude Include="ConfigUniformArg.h">
      <Filter>Shaders</Filter>
    </ClInclude>
    <ClInclude Include="Shaders.h">
      <Filter>Shaders</Filter>
    </ClInclude>
    <ClInclude Include="CoreSettings.h">
      <Filter>Data</Filter>
    </ClInclude>
    <ClInclude Include="ObjectsTypes\ObjectHero.h">
      <Filter>Objects\Dynamic</Filter>
    </ClInclude>
    <ClInclude Include="ObjectsTypes\ObjectNPC.h">
      <Filter>Objects\Dynamic</Filter>
    </ClInclude>
    <ClInclude Include="ObjectsTypes\ObjectBullet.h">
      <Filter>Objects\Dynamic</Filter>
    </ClInclude>
    <ClInclude Include="ObjectsTypes\ObjectDynamic.h">
      <Filter>Objects\Dynamic</Filter>
    </ClInclude>
    <ClInclude Include="ObjectsTypes\ObjectBlock.h">
      <Filter>Objects\Phisics</Filter>
    </ClInclude>
    <ClInclude Include="ObjectsTypes\ObjectCursorRay.h">
      <Filter>Objects\Dynamic</Filter>
    </ClInclude>
    <ClInclude Include="ObjectsTypes\ObjectPhysic.h">
      <Filter>Objects\Phisics</Filter>
    </ClInclude>
    <ClInclude Include="ObjectsTypes\ObjectPolygon.h">
      <Filter>Objects\Phisics</Filter>
    </ClInclude>
    <ClInclude Include="Main.h">
      <Filter>Core</Filter>
    </ClInclude>
    <ClInclude Include="Controllers.h">
      <Filter>Inputs</Filter>
    </ClInclude>
    <ClInclude Include="ObjectsTypes\ObjectGUI.h">
      <Filter>Objects\GUI</Filter>
    </ClInclude>
    <ClInclude Include="Rooms\RoomMarkerPlane.h">
      <Filter>Rooms</Filter>
    </ClInclude>
    <ClInclude Include="Rooms\RoomSerializeScene.h">
      <Filter>Rooms</Filter>
    </ClInclude>
    <ClInclude Include="Serialize\SceneSerialize.h">
      <Filter>Browsers\Serialize</Filter>
    </ClInclude>
    <ClInclude Include="Rooms\RoomUseInterface.h">
      <Filter>Rooms</Filter>
    </ClInclude>
    <ClInclude Include="GeometryLib.h">
      <Filter>Helpers</Filter>
    </ClInclude>
    <ClInclude Include="OperationString.h">
      <Filter>Helpers</Filter>
    </ClInclude>
    <ClInclude Include="ObjectsTypes\ObjectCursorGUI.h">
      <Filter>Objects\GUI</Filter>
    </ClInclude>
    <ClInclude Include="GeomertyShapes\ShapeBase.h">
      <Filter>GeomertyShapes</Filter>
    </ClInclude>
    <ClInclude Include="GeomertyShapes\ShapeHexagon.h">
      <Filter>GeomertyShapes</Filter>
    </ClInclude>
    <ClInclude Include="GeomertyShapes\ShapeSquare.h">
      <Filter>GeomertyShapes</Filter>
    </ClInclude>
    <ClInclude Include="Rooms\AspectFactoryObjects.h">
      <Filter>Rooms</Filter>
    </ClInclude>
    <ClInclude Include="Rooms\AspectDispatcherCommands.h">
      <Filter>Rooms</Filter>
    </ClInclude>
    <ClInclude Include="ObjectsTypes\ObjectButton.h">
      <Filter>Objects\GUI</Filter>
    </ClInclude>
    <ClInclude Include="ShellObjects\BaseShell.h">
      <Filter>ShellObjects</Filter>
    </ClInclude>
    <ClInclude Include="SceneLayer.h">
      <Filter>Engine</Filter>
    </ClInclude>
    <ClInclude Include="Rooms\AspectFamilyBonds.h">
      <Filter>Rooms</Filter>
    </ClInclude>
    <ClInclude Include="ObjectsTypes\ObjectListBox.h">
      <Filter>Objects\GUI</Filter>
    </ClInclude>
    <ClInclude Include="SceneConstructor.h">
      <Filter>Engine</Filter>
    </ClInclude>
    <ClInclude Include="Components\RenderComponent.h">
      <Filter>Engine\Components</Filter>
    </ClInclude>
    <ClInclude Include="Rooms\AspectBase.h">
      <Filter>Rooms</Filter>
    </ClInclude>
    <ClInclude Include="Rooms\Inretface\AspectTransformControlsGUI.h">
      <Filter>Rooms\Interface</Filter>
    </ClInclude>
    <ClInclude Include="Rooms\Inretface\AspectCreateControlsGUI.h">
      <Filter>Rooms\Interface</Filter>
    </ClInclude>
    <ClInclude Include="Rooms\Inretface\AspectUseControlsGUI.h">
      <Filter>Rooms\Interface</Filter>
    </ClInclude>
    <ClInclude Include="Components\TextBoxComponent.h">
      <Filter>Engine\Components</Filter>
    </ClInclude>
  </ItemGroup>
  <ItemGroup>
    <ResourceCompile Include="testOpenGl.rc">
      <Filter>Файлы ресурсов</Filter>
    </ResourceCompile>
  </ItemGroup>
</Project>